
Microsoft Visual Studio Solution File, Format Version 12.00
# Visual Studio Version 17
VisualStudioVersion = 17.4.33205.214
MinimumVisualStudioVersion = 10.0.40219.1
Project("{FAE04EC0-301F-11D3-BF4B-00C04F79EFBC}") = "SawaVideoPlayer", "SawaVideoPlayer.csproj", "{7557E4B9-0881-4F14-AFF0-4130CA20A437}"
EndProject
Global
	GlobalSection(SolutionConfigurationPlatforms) = preSolution
		Debug|Any CPU = Debug|Any CPU
		Release|Any CPU = Release|Any CPU
	EndGlobalSection
	GlobalSection(ProjectConfigurationPlatforms) = postSolution
		{7557E4B9-0881-4F14-AFF0-4130CA20A437}.Debug|Any CPU.ActiveCfg = Debug|Any CPU
		{7557E4B9-0881-4F14-AFF0-4130CA20A437}.Debug|Any CPU.Build.0 = Debug|Any CPU
		{7557E4B9-0881-4F14-AFF0-4130CA20A437}.Release|Any CPU.ActiveCfg = Release|Any CPU
		{7557E4B9-0881-4F14-AFF0-4130CA20A437}.Release|Any CPU.Build.0 = Release|Any CPU
	EndGlobalSection
	GlobalSection(SolutionProperties) = preSolution
		HideSolutionNode = FALSE
	EndGlobalSection
	GlobalSection(ExtensibilityGlobals) = postSolution
		SolutionGuid = {B7122339-988A-42B3-8C2E-D0DA3CDF267B}
	EndGlobalSection
EndGlobal
